
Microsoft Visual Studio Solution File, Format Version 12.00
# Visual Studio Version 16
VisualStudioVersion = 16.0.31112.23
MinimumVisualStudioVersion = 10.0.40219.1
Project("{FAE04EC0-301F-11D3-BF4B-00C04F79EFBC}") = "WebAPI", "WebAPI\WebAPI.csproj", "{EFBD5DC0-E9EB-42FF-94AB-C4A6071BC606}"
EndProject
Global
	GlobalSection(SolutionConfigurationPlatforms) = preSolution
		Debug|Any CPU = Debug|Any CPU
		Release|Any CPU = Release|Any CPU
	EndGlobalSection
	GlobalSection(ProjectConfigurationPlatforms) = postSolution
		{EFBD5DC0-E9EB-42FF-94AB-C4A6071BC606}.Debug|Any CPU.ActiveCfg = Debug|Any CPU
		{EFBD5DC0-E9EB-42FF-94AB-C4A6071BC606}.Debug|Any CPU.Build.0 = Debug|Any CPU
		{EFBD5DC0-E9EB-42FF-94AB-C4A6071BC606}.Release|Any CPU.ActiveCfg = Release|Any CPU
		{EFBD5DC0-E9EB-42FF-94AB-C4A6071BC606}.Release|Any CPU.Build.0 = Release|Any CPU
	EndGlobalSection
	GlobalSection(SolutionProperties) = preSolution
		HideSolutionNode = FALSE
	EndGlobalSection
	GlobalSection(ExtensibilityGlobals) = postSolution
		SolutionGuid = {0BA39A69-D34B-4F0F-99E4-11578369566F}
	EndGlobalSection
EndGlobal
